<?xml version="1.0" encoding="utf-8"?>
<Project ToolsVersion="4.0" xmlns="http://schemas.microsoft.com/developer/msbuild/2003">
  <ItemGroup>
    <Filter Include="src">
      <UniqueIdentifier>{ffcfa69b-a445-4217-a49b-757a55ebe7c2}</UniqueIdentifier>
    </Filter>
    <Filter Include="include">
      <UniqueIdentifier>{1c2ac49e-3f59-42bb-a3be-076c5a9c8b6f}</UniqueIdentifier>
    </Filter>
  </ItemGroup>
  <ItemGroup>
    <ClCompile Include="main.cpp">
      <Filter>src</Filter>
    </ClCompile>
    <ClCompile Include="kompasUtils.cpp">
      <Filter>src</Filter>
    </ClCompile>
    <ClCompile Include="selectPlane.cpp">
      <Filter>src</Filter>
    </ClCompile>
    <ClCompile Include="optimizeRounding.cpp">
      <Filter>src</Filter>
    </ClCompile>
    <ClCompile Include="optimizeElephantFoot.cpp">
      <Filter>src</Filter>
    </ClCompile>
    <ClCompile Include="optimizeOverhangingFaces.cpp">
      <Filter>src</Filter>
    </ClCompile>
    <ClCompile Include="utils.cpp">
      <Filter>src</Filter>
    </ClCompile>
    <ClCompile Include="optimizeCircleHorizontalHoles.cpp">
      <Filter>src</Filter>
    </ClCompile>
    <ClCompile Include="optimizeBridgeHole.cpp">
      <Filter>src</Filter>
    </ClCompile>
    <ClCompile Include="optimizeRoundingEdgesOnPrintFace.cpp">
      <Filter>src</Filter>
    </ClCompile>
    <ClCompile Include="concaveAngle.cpp">
      <Filter>src</Filter>
    </ClCompile>
  </ItemGroup>
  <ItemGroup>
    <ClInclude Include="kompasUtils.hpp">
      <Filter>include</Filter>
    </ClInclude>
    <ClInclude Include="selectPlane.hpp">
      <Filter>include</Filter>
    </ClInclude>
    <ClInclude Include="optimizeRounding.hpp">
      <Filter>include</Filter>
    </ClInclude>
    <ClInclude Include="optimizeElephantFoot.hpp">
      <Filter>include</Filter>
    </ClInclude>
    <ClInclude Include="optimizeOverhangingFaces.hpp">
      <Filter>include</Filter>
    </ClInclude>
    <ClInclude Include="utils.hpp">
      <Filter>include</Filter>
    </ClInclude>
    <ClInclude Include="optimizeCircleHorizontalHoles.hpp">
      <Filter>include</Filter>
    </ClInclude>
    <ClInclude Include="optimizeBridgeHole.hpp">
      <Filter>include</Filter>
    </ClInclude>
    <ClInclude Include="optimizeRoundingEdgesOnPrintFace.hpp">
      <Filter>include</Filter>
    </ClInclude>
    <ClInclude Include="concaveAngle.hpp">
      <Filter>include</Filter>
    </ClInclude>
  </ItemGroup>
</Project>