
Microsoft Visual Studio Solution File, Format Version 12.00
# Visual Studio Version 16
VisualStudioVersion = 16.0.32602.291
MinimumVisualStudioVersion = 10.0.40219.1
Project("{8BC9CEB8-8B4A-11D0-8D11-00A0C91BC942}") = "kompas-print3d-optimizer", "kompas-print3d-optimizer\kompas-print3d-optimizer.vcxproj", "{9A2403B1-CE04-4AFE-B3AC-216B74E52CE2}"
EndProject
Global
	GlobalSection(SolutionConfigurationPlatforms) = preSolution
		Debug|x64 = Debug|x64
		Release|x64 = Release|x64
	EndGlobalSection
	GlobalSection(ProjectConfigurationPlatforms) = postSolution
		{9A2403B1-CE04-4AFE-B3AC-216B74E52CE2}.Debug|x64.ActiveCfg = Debug|x64
		{9A2403B1-CE04-4AFE-B3AC-216B74E52CE2}.Debug|x64.Build.0 = Debug|x64
		{9A2403B1-CE04-4AFE-B3AC-216B74E52CE2}.Release|x64.ActiveCfg = Release|x64
		{9A2403B1-CE04-4AFE-B3AC-216B74E52CE2}.Release|x64.Build.0 = Release|x64
	EndGlobalSection
	GlobalSection(SolutionProperties) = preSolution
		HideSolutionNode = FALSE
	EndGlobalSection
	GlobalSection(ExtensibilityGlobals) = postSolution
		SolutionGuid = {39C97D48-47E9-4139-95F5-81A7ABB9CD17}
	EndGlobalSection
EndGlobal
